// !$*UTF8*$!
{
	archiveVersion = 1;
	classes = {
	};
	objectVersion = 56;
	objects = {

/* Begin PBXBuildFile section */
		6F1CDD0129BDC6AA00A2A23B /* AlarmAppApp.swift in Sources */ = {isa = PBXBuildFile; fileRef = 6F1CDD0029BDC6AA00A2A23B /* AlarmAppApp.swift */; };
		6F1CDD0329BDC6AA00A2A23B /* MainAlarmView.swift in Sources */ = {isa = PBXBuildFile; fileRef = 6F1CDD0229BDC6AA00A2A23B /* MainAlarmView.swift */; };
		6F1CDD0529BDC6AB00A2A23B /* Assets.xcassets in Resources */ = {isa = PBXBuildFile; fileRef = 6F1CDD0429BDC6AB00A2A23B /* Assets.xcassets */; };
		6F1CDD0929BDC6AB00A2A23B /* Preview Assets.xcassets in Resources */ = {isa = PBXBuildFile; fileRef = 6F1CDD0829BDC6AB00A2A23B /* Preview Assets.xcassets */; };
		6F1CDD1C29BDD05200A2A23B /* GrayedText.swift in Sources */ = {isa = PBXBuildFile; fileRef = 6F1CDD1B29BDD05200A2A23B /* GrayedText.swift */; };
		6F1CDD1F29BDD7A100A2A23B /* Localizable.strings in Resources */ = {isa = PBXBuildFile; fileRef = 6F1CDD2129BDD7A100A2A23B /* Localizable.strings */; };
		6F1CDD2529BDE92200A2A23B /* ColorConstants.swift in Sources */ = {isa = PBXBuildFile; fileRef = 6F1CDD2429BDE92200A2A23B /* ColorConstants.swift */; };
		6F1CDD2729BDECAF00A2A23B /* TimeOfDayIcon.swift in Sources */ = {isa = PBXBuildFile; fileRef = 6F1CDD2629BDECAF00A2A23B /* TimeOfDayIcon.swift */; };
		6F1CDD2B29BDED1900A2A23B /* TimeAndDateUtils.swift in Sources */ = {isa = PBXBuildFile; fileRef = 6F1CDD2A29BDED1900A2A23B /* TimeAndDateUtils.swift */; };
		6F1CDD2D29BDFE2E00A2A23B /* TimeModel.swift in Sources */ = {isa = PBXBuildFile; fileRef = 6F1CDD2C29BDFE2E00A2A23B /* TimeModel.swift */; };
		6F1CDD2F29BE058A00A2A23B /* AlarmModel.swift in Sources */ = {isa = PBXBuildFile; fileRef = 6F1CDD2E29BE058A00A2A23B /* AlarmModel.swift */; };
		6F1CDD3129BE0BCF00A2A23B /* AcitivityConstants.swift in Sources */ = {isa = PBXBuildFile; fileRef = 6F1CDD3029BE0BCF00A2A23B /* AcitivityConstants.swift */; };
		6F1CDD3329BE0DAF00A2A23B /* SoundConstants.swift in Sources */ = {isa = PBXBuildFile; fileRef = 6F1CDD3229BE0DAF00A2A23B /* SoundConstants.swift */; };
		6F1CDD3529BEC12200A2A23B /* SplashScreen.swift in Sources */ = {isa = PBXBuildFile; fileRef = 6F1CDD3429BEC12200A2A23B /* SplashScreen.swift */; };
		6F1CDD3729BEC45100A2A23B /* CoolSplashScreenComponent.swift in Sources */ = {isa = PBXBuildFile; fileRef = 6F1CDD3629BEC45100A2A23B /* CoolSplashScreenComponent.swift */; };
		6F1CDD3A29BECF8F00A2A23B /* WorkSans-Italic-VariableFont_wght.ttf in Resources */ = {isa = PBXBuildFile; fileRef = 6F1CDD3829BECF8E00A2A23B /* WorkSans-Italic-VariableFont_wght.ttf */; };
		6F1CDD3B29BECF8F00A2A23B /* WorkSans-VariableFont_wght.ttf in Resources */ = {isa = PBXBuildFile; fileRef = 6F1CDD3929BECF8F00A2A23B /* WorkSans-VariableFont_wght.ttf */; };
		6F1CDD3D29BED05B00A2A23B /* CustomText.swift in Sources */ = {isa = PBXBuildFile; fileRef = 6F1CDD3C29BED05B00A2A23B /* CustomText.swift */; };
		6F1CDD3F29BED74700A2A23B /* ImageConstants.swift in Sources */ = {isa = PBXBuildFile; fileRef = 6F1CDD3E29BED74700A2A23B /* ImageConstants.swift */; };
		6F1CDD4129BED9E900A2A23B /* EnableNotifications.swift in Sources */ = {isa = PBXBuildFile; fileRef = 6F1CDD4029BED9E900A2A23B /* EnableNotifications.swift */; };
		6F1CDD4329BEDBB200A2A23B /* MainGradient.swift in Sources */ = {isa = PBXBuildFile; fileRef = 6F1CDD4229BEDBB200A2A23B /* MainGradient.swift */; };
		6F1CDD4529BEDE3700A2A23B /* ScreenConstants.swift in Sources */ = {isa = PBXBuildFile; fileRef = 6F1CDD4429BEDE3700A2A23B /* ScreenConstants.swift */; };
		6F1CDD4729BEE14700A2A23B /* CustomButton.swift in Sources */ = {isa = PBXBuildFile; fileRef = 6F1CDD4629BEE14700A2A23B /* CustomButton.swift */; };
		6F1CDD4929BF92C300A2A23B /* AboutView.swift in Sources */ = {isa = PBXBuildFile; fileRef = 6F1CDD4829BF92C300A2A23B /* AboutView.swift */; };
/* End PBXBuildFile section */

/* Begin PBXFileReference section */
		6F1CDCFD29BDC6AA00A2A23B /* AlarmApp.app */ = {isa = PBXFileReference; explicitFileType = wrapper.application; includeInIndex = 0; path = AlarmApp.app; sourceTree = BUILT_PRODUCTS_DIR; };
		6F1CDD0029BDC6AA00A2A23B /* AlarmAppApp.swift */ = {isa = PBXFileReference; lastKnownFileType = sourcecode.swift; path = AlarmAppApp.swift; sourceTree = "<group>"; };
		6F1CDD0229BDC6AA00A2A23B /* MainAlarmView.swift */ = {isa = PBXFileReference; lastKnownFileType = sourcecode.swift; path = MainAlarmView.swift; sourceTree = "<group>"; };
		6F1CDD0429BDC6AB00A2A23B /* Assets.xcassets */ = {isa = PBXFileReference; lastKnownFileType = folder.assetcatalog; path = Assets.xcassets; sourceTree = "<group>"; };
		6F1CDD0629BDC6AB00A2A23B /* AlarmApp.entitlements */ = {isa = PBXFileReference; lastKnownFileType = text.plist.entitlements; path = AlarmApp.entitlements; sourceTree = "<group>"; };
		6F1CDD0829BDC6AB00A2A23B /* Preview Assets.xcassets */ = {isa = PBXFileReference; lastKnownFileType = folder.assetcatalog; path = "Preview Assets.xcassets"; sourceTree = "<group>"; };
		6F1CDD1B29BDD05200A2A23B /* GrayedText.swift */ = {isa = PBXFileReference; lastKnownFileType = sourcecode.swift; path = GrayedText.swift; sourceTree = "<group>"; };
		6F1CDD2029BDD7A100A2A23B /* en */ = {isa = PBXFileReference; lastKnownFileType = text.plist.strings; name = en; path = en.lproj/Localizable.strings; sourceTree = "<group>"; };
		6F1CDD2229BDD7A800A2A23B /* fr */ = {isa = PBXFileReference; lastKnownFileType = text.plist.strings; name = fr; path = fr.lproj/Localizable.strings; sourceTree = "<group>"; };
		6F1CDD2329BDD7AA00A2A23B /* de */ = {isa = PBXFileReference; lastKnownFileType = text.plist.strings; name = de; path = de.lproj/Localizable.strings; sourceTree = "<group>"; };
		6F1CDD2429BDE92200A2A23B /* ColorConstants.swift */ = {isa = PBXFileReference; lastKnownFileType = sourcecode.swift; path = ColorConstants.swift; sourceTree = "<group>"; };
		6F1CDD2629BDECAF00A2A23B /* TimeOfDayIcon.swift */ = {isa = PBXFileReference; lastKnownFileType = sourcecode.swift; path = TimeOfDayIcon.swift; sourceTree = "<group>"; };
		6F1CDD2A29BDED1900A2A23B /* TimeAndDateUtils.swift */ = {isa = PBXFileReference; lastKnownFileType = sourcecode.swift; path = TimeAndDateUtils.swift; sourceTree = "<group>"; };
		6F1CDD2C29BDFE2E00A2A23B /* TimeModel.swift */ = {isa = PBXFileReference; lastKnownFileType = sourcecode.swift; path = TimeModel.swift; sourceTree = "<group>"; };
		6F1CDD2E29BE058A00A2A23B /* AlarmModel.swift */ = {isa = PBXFileReference; lastKnownFileType = sourcecode.swift; path = AlarmModel.swift; sourceTree = "<group>"; };
		6F1CDD3029BE0BCF00A2A23B /* AcitivityConstants.swift */ = {isa = PBXFileReference; lastKnownFileType = sourcecode.swift; path = AcitivityConstants.swift; sourceTree = "<group>"; };
		6F1CDD3229BE0DAF00A2A23B /* SoundConstants.swift */ = {isa = PBXFileReference; lastKnownFileType = sourcecode.swift; path = SoundConstants.swift; sourceTree = "<group>"; };
		6F1CDD3429BEC12200A2A23B /* SplashScreen.swift */ = {isa = PBXFileReference; lastKnownFileType = sourcecode.swift; path = SplashScreen.swift; sourceTree = "<group>"; };
		6F1CDD3629BEC45100A2A23B /* CoolSplashScreenComponent.swift */ = {isa = PBXFileReference; lastKnownFileType = sourcecode.swift; path = CoolSplashScreenComponent.swift; sourceTree = "<group>"; };
		6F1CDD3829BECF8E00A2A23B /* WorkSans-Italic-VariableFont_wght.ttf */ = {isa = PBXFileReference; lastKnownFileType = file; path = "WorkSans-Italic-VariableFont_wght.ttf"; sourceTree = "<group>"; };
		6F1CDD3929BECF8F00A2A23B /* WorkSans-VariableFont_wght.ttf */ = {isa = PBXFileReference; lastKnownFileType = file; path = "WorkSans-VariableFont_wght.ttf"; sourceTree = "<group>"; };
		6F1CDD3C29BED05B00A2A23B /* CustomText.swift */ = {isa = PBXFileReference; lastKnownFileType = sourcecode.swift; path = CustomText.swift; sourceTree = "<group>"; };
		6F1CDD3E29BED74700A2A23B /* ImageConstants.swift */ = {isa = PBXFileReference; lastKnownFileType = sourcecode.swift; path = ImageConstants.swift; sourceTree = "<group>"; };
		6F1CDD4029BED9E900A2A23B /* EnableNotifications.swift */ = {isa = PBXFileReference; lastKnownFileType = sourcecode.swift; path = EnableNotifications.swift; sourceTree = "<group>"; };
		6F1CDD4229BEDBB200A2A23B /* MainGradient.swift */ = {isa = PBXFileReference; lastKnownFileType = sourcecode.swift; path = MainGradient.swift; sourceTree = "<group>"; };
		6F1CDD4429BEDE3700A2A23B /* ScreenConstants.swift */ = {isa = PBXFileReference; lastKnownFileType = sourcecode.swift; path = ScreenConstants.swift; sourceTree = "<group>"; };
		6F1CDD4629BEE14700A2A23B /* CustomButton.swift */ = {isa = PBXFileReference; lastKnownFileType = sourcecode.swift; path = CustomButton.swift; sourceTree = "<group>"; };
		6F1CDD4829BF92C300A2A23B /* AboutView.swift */ = {isa = PBXFileReference; lastKnownFileType = sourcecode.swift; path = AboutView.swift; sourceTree = "<group>"; };
/* End PBXFileReference section */

/* Begin PBXFrameworksBuildPhase section */
		6F1CDCFA29BDC6AA00A2A23B /* Frameworks */ = {
			isa = PBXFrameworksBuildPhase;
			buildActionMask = 2147483647;
			files = (
			);
			runOnlyForDeploymentPostprocessing = 0;
		};
/* End PBXFrameworksBuildPhase section */

/* Begin PBXGroup section */
		6F1CDCF429BDC6AA00A2A23B = {
			isa = PBXGroup;
			children = (
				6F1CDCFF29BDC6AA00A2A23B /* AlarmApp */,
				6F1CDCFE29BDC6AA00A2A23B /* Products */,
			);
			sourceTree = "<group>";
		};
		6F1CDCFE29BDC6AA00A2A23B /* Products */ = {
			isa = PBXGroup;
			children = (
				6F1CDCFD29BDC6AA00A2A23B /* AlarmApp.app */,
			);
			name = Products;
			sourceTree = "<group>";
		};
		6F1CDCFF29BDC6AA00A2A23B /* AlarmApp */ = {
			isa = PBXGroup;
			children = (
				6F1CDD1629BDCCA600A2A23B /* Time And Date */,
				6F1CDD1529BDCC8A00A2A23B /* Local Notifications */,
				6F1CDD1429BDCC7600A2A23B /* Sounds */,
				6F1CDD1329BDCC6F00A2A23B /* Fonts */,
				6F1CDD1229BDCC6100A2A23B /* Constants */,
				6F1CDD1129BDCB4B00A2A23B /* ViewModel */,
				6F1CDD1029BDCB4000A2A23B /* Views */,
				6F1CDD0F29BDCB3000A2A23B /* Models */,
				6F1CDD0029BDC6AA00A2A23B /* AlarmAppApp.swift */,
				6F1CDD0229BDC6AA00A2A23B /* MainAlarmView.swift */,
				6F1CDD0429BDC6AB00A2A23B /* Assets.xcassets */,
				6F1CDD0629BDC6AB00A2A23B /* AlarmApp.entitlements */,
				6F1CDD0729BDC6AB00A2A23B /* Preview Content */,
				6F1CDD2129BDD7A100A2A23B /* Localizable.strings */,
			);
			path = AlarmApp;
			sourceTree = "<group>";
		};
		6F1CDD0729BDC6AB00A2A23B /* Preview Content */ = {
			isa = PBXGroup;
			children = (
				6F1CDD0829BDC6AB00A2A23B /* Preview Assets.xcassets */,
			);
			path = "Preview Content";
			sourceTree = "<group>";
		};
		6F1CDD0F29BDCB3000A2A23B /* Models */ = {
			isa = PBXGroup;
			children = (
				6F1CDD2C29BDFE2E00A2A23B /* TimeModel.swift */,
				6F1CDD2E29BE058A00A2A23B /* AlarmModel.swift */,
			);
			path = Models;
			sourceTree = "<group>";
		};
		6F1CDD1029BDCB4000A2A23B /* Views */ = {
			isa = PBXGroup;
			children = (
				6F1CDD1A29BDCD4800A2A23B /* TestViews */,
				6F1CDD1929BDCD2400A2A23B /* AuxilliaryViews */,
				6F1CDD1829BDCD1A00A2A23B /* SubViews */,
				6F1CDD1729BDCD0E00A2A23B /* MainViews */,
			);
			path = Views;
			sourceTree = "<group>";
		};
		6F1CDD1129BDCB4B00A2A23B /* ViewModel */ = {
			isa = PBXGroup;
			children = (
			);
			path = ViewModel;
			sourceTree = "<group>";
		};
		6F1CDD1229BDCC6100A2A23B /* Constants */ = {
			isa = PBXGroup;
			children = (
				6F1CDD2429BDE92200A2A23B /* ColorConstants.swift */,
				6F1CDD3029BE0BCF00A2A23B /* AcitivityConstants.swift */,
				6F1CDD3E29BED74700A2A23B /* ImageConstants.swift */,
				6F1CDD4429BEDE3700A2A23B /* ScreenConstants.swift */,
			);
			path = Constants;
			sourceTree = "<group>";
		};
		6F1CDD1329BDCC6F00A2A23B /* Fonts */ = {
			isa = PBXGroup;
			children = (
				6F1CDD3829BECF8E00A2A23B /* WorkSans-Italic-VariableFont_wght.ttf */,
				6F1CDD3929BECF8F00A2A23B /* WorkSans-VariableFont_wght.ttf */,
			);
			path = Fonts;
			sourceTree = "<group>";
		};
		6F1CDD1429BDCC7600A2A23B /* Sounds */ = {
			isa = PBXGroup;
			children = (
				6F1CDD3229BE0DAF00A2A23B /* SoundConstants.swift */,
			);
			path = Sounds;
			sourceTree = "<group>";
		};
		6F1CDD1529BDCC8A00A2A23B /* Local Notifications */ = {
			isa = PBXGroup;
			children = (
			);
			path = "Local Notifications";
			sourceTree = "<group>";
		};
		6F1CDD1629BDCCA600A2A23B /* Time And Date */ = {
			isa = PBXGroup;
			children = (
				6F1CDD2A29BDED1900A2A23B /* TimeAndDateUtils.swift */,
			);
			path = "Time And Date";
			sourceTree = "<group>";
		};
		6F1CDD1729BDCD0E00A2A23B /* MainViews */ = {
			isa = PBXGroup;
			children = (
				6F1CDD3429BEC12200A2A23B /* SplashScreen.swift */,
				6F1CDD4829BF92C300A2A23B /* AboutView.swift */,
			);
			path = MainViews;
			sourceTree = "<group>";
		};
		6F1CDD1829BDCD1A00A2A23B /* SubViews */ = {
			isa = PBXGroup;
			children = (
				6F1CDD4029BED9E900A2A23B /* EnableNotifications.swift */,
				6F1CDD4229BEDBB200A2A23B /* MainGradient.swift */,
			);
			path = SubViews;
			sourceTree = "<group>";
		};
		6F1CDD1929BDCD2400A2A23B /* AuxilliaryViews */ = {
			isa = PBXGroup;
			children = (
				6F1CDD1B29BDD05200A2A23B /* GrayedText.swift */,
				6F1CDD2629BDECAF00A2A23B /* TimeOfDayIcon.swift */,
				6F1CDD3629BEC45100A2A23B /* CoolSplashScreenComponent.swift */,
				6F1CDD3C29BED05B00A2A23B /* CustomText.swift */,
				6F1CDD4629BEE14700A2A23B /* CustomButton.swift */,
			);
			path = AuxilliaryViews;
			sourceTree = "<group>";
		};
		6F1CDD1A29BDCD4800A2A23B /* TestViews */ = {
			isa = PBXGroup;
			children = (
			);
			path = TestViews;
			sourceTree = "<group>";
		};
/* End PBXGroup section */

/* Begin PBXNativeTarget section */
		6F1CDCFC29BDC6AA00A2A23B /* AlarmApp */ = {
			isa = PBXNativeTarget;
			buildConfigurationList = 6F1CDD0C29BDC6AB00A2A23B /* Build configuration list for PBXNativeTarget "AlarmApp" */;
			buildPhases = (
				6F1CDCF929BDC6AA00A2A23B /* Sources */,
				6F1CDCFA29BDC6AA00A2A23B /* Frameworks */,
				6F1CDCFB29BDC6AA00A2A23B /* Resources */,
			);
			buildRules = (
			);
			dependencies = (
			);
			name = AlarmApp;
			productName = AlarmApp;
			productReference = 6F1CDCFD29BDC6AA00A2A23B /* AlarmApp.app */;
			productType = "com.apple.product-type.application";
		};
/* End PBXNativeTarget section */

/* Begin PBXProject section */
		6F1CDCF529BDC6AA00A2A23B /* Project object */ = {
			isa = PBXProject;
			attributes = {
				BuildIndependentTargetsInParallel = 1;
				LastSwiftUpdateCheck = 1420;
				LastUpgradeCheck = 1420;
				TargetAttributes = {
					6F1CDCFC29BDC6AA00A2A23B = {
						CreatedOnToolsVersion = 14.2;
					};
				};
			};
			buildConfigurationList = 6F1CDCF829BDC6AA00A2A23B /* Build configuration list for PBXProject "AlarmApp" */;
			compatibilityVersion = "Xcode 14.0";
			developmentRegion = en;
			hasScannedForEncodings = 0;
			knownRegions = (
				en,
				Base,
				fr,
				de,
			);
			mainGroup = 6F1CDCF429BDC6AA00A2A23B;
			productRefGroup = 6F1CDCFE29BDC6AA00A2A23B /* Products */;
			projectDirPath = "";
			projectRoot = "";
			targets = (
				6F1CDCFC29BDC6AA00A2A23B /* AlarmApp */,
			);
		};
/* End PBXProject section */

/* Begin PBXResourcesBuildPhase section */
		6F1CDCFB29BDC6AA00A2A23B /* Resources */ = {
			isa = PBXResourcesBuildPhase;
			buildActionMask = 2147483647;
			files = (
				6F1CDD0929BDC6AB00A2A23B /* Preview Assets.xcassets in Resources */,
				6F1CDD1F29BDD7A100A2A23B /* Localizable.strings in Resources */,
				6F1CDD0529BDC6AB00A2A23B /* Assets.xcassets in Resources */,
				6F1CDD3B29BECF8F00A2A23B /* WorkSans-VariableFont_wght.ttf in Resources */,
				6F1CDD3A29BECF8F00A2A23B /* WorkSans-Italic-VariableFont_wght.ttf in Resources */,
			);
			runOnlyForDeploymentPostprocessing = 0;
		};
/* End PBXResourcesBuildPhase section */

/* Begin PBXSourcesBuildPhase section */
		6F1CDCF929BDC6AA00A2A23B /* Sources */ = {
			isa = PBXSourcesBuildPhase;
			buildActionMask = 2147483647;
			files = (
				6F1CDD4329BEDBB200A2A23B /* MainGradient.swift in Sources */,
				6F1CDD3D29BED05B00A2A23B /* CustomText.swift in Sources */,
				6F1CDD4729BEE14700A2A23B /* CustomButton.swift in Sources */,
				6F1CDD2B29BDED1900A2A23B /* TimeAndDateUtils.swift in Sources */,
				6F1CDD3729BEC45100A2A23B /* CoolSplashScreenComponent.swift in Sources */,
				6F1CDD2F29BE058A00A2A23B /* AlarmModel.swift in Sources */,
				6F1CDD1C29BDD05200A2A23B /* GrayedText.swift in Sources */,
				6F1CDD3329BE0DAF00A2A23B /* SoundConstants.swift in Sources */,
				6F1CDD0329BDC6AA00A2A23B /* MainAlarmView.swift in Sources */,
				6F1CDD3F29BED74700A2A23B /* ImageConstants.swift in Sources */,
				6F1CDD4529BEDE3700A2A23B /* ScreenConstants.swift in Sources */,
				6F1CDD2D29BDFE2E00A2A23B /* TimeModel.swift in Sources */,
				6F1CDD3529BEC12200A2A23B /* SplashScreen.swift in Sources */,
				6F1CDD0129BDC6AA00A2A23B /* AlarmAppApp.swift in Sources */,
				6F1CDD4129BED9E900A2A23B /* EnableNotifications.swift in Sources */,
				6F1CDD2529BDE92200A2A23B /* ColorConstants.swift in Sources */,
				6F1CDD4929BF92C300A2A23B /* AboutView.swift in Sources */,
				6F1CDD3129BE0BCF00A2A23B /* AcitivityConstants.swift in Sources */,
				6F1CDD2729BDECAF00A2A23B /* TimeOfDayIcon.swift in Sources */,
			);
			runOnlyForDeploymentPostprocessing = 0;
		};
/* End PBXSourcesBuildPhase section */

/* Begin PBXVariantGroup section */
		6F1CDD2129BDD7A100A2A23B /* Localizable.strings */ = {
			isa = PBXVariantGroup;
			children = (
				6F1CDD2029BDD7A100A2A23B /* en */,
				6F1CDD2229BDD7A800A2A23B /* fr */,
				6F1CDD2329BDD7AA00A2A23B /* de */,
			);
			name = Localizable.strings;
			sourceTree = "<group>";
		};
/* End PBXVariantGroup section */

/* Begin XCBuildConfiguration section */
		6F1CDD0A29BDC6AB00A2A23B /* Debug */ = {
			isa = XCBuildConfiguration;
			buildSettings = {
				ALWAYS_SEARCH_USER_PATHS = NO;
				CLANG_ANALYZER_NONNULL = YES;
				CLANG_ANALYZER_NUMBER_OBJECT_CONVERSION = YES_AGGRESSIVE;
				CLANG_CXX_LANGUAGE_STANDARD = "gnu++20";
				CLANG_ENABLE_MODULES = YES;
				CLANG_ENABLE_OBJC_ARC = YES;
				CLANG_ENABLE_OBJC_WEAK = YES;
				CLANG_WARN_BLOCK_CAPTURE_AUTORELEASING = YES;
				CLANG_WARN_BOOL_CONVERSION = YES;
				CLANG_WARN_COMMA = YES;
				CLANG_WARN_CONSTANT_CONVERSION = YES;
				CLANG_WARN_DEPRECATED_OBJC_IMPLEMENTATIONS = YES;
				CLANG_WARN_DIRECT_OBJC_ISA_USAGE = YES_ERROR;
				CLANG_WARN_DOCUMENTATION_COMMENTS = YES;
				CLANG_WARN_EMPTY_BODY = YES;
				CLANG_WARN_ENUM_CONVERSION = YES;
				CLANG_WARN_INFINITE_RECURSION = YES;
				CLANG_WARN_INT_CONVERSION = YES;
				CLANG_WARN_NON_LITERAL_NULL_CONVERSION = YES;
				CLANG_WARN_OBJC_IMPLICIT_RETAIN_SELF = YES;
				CLANG_WARN_OBJC_LITERAL_CONVERSION = YES;
				CLANG_WARN_OBJC_ROOT_CLASS = YES_ERROR;
				CLANG_WARN_QUOTED_INCLUDE_IN_FRAMEWORK_HEADER = YES;
				CLANG_WARN_RANGE_LOOP_ANALYSIS = YES;
				CLANG_WARN_STRICT_PROTOTYPES = YES;
				CLANG_WARN_SUSPICIOUS_MOVE = YES;
				CLANG_WARN_UNGUARDED_AVAILABILITY = YES_AGGRESSIVE;
				CLANG_WARN_UNREACHABLE_CODE = YES;
				CLANG_WARN__DUPLICATE_METHOD_MATCH = YES;
				COPY_PHASE_STRIP = NO;
				DEBUG_INFORMATION_FORMAT = dwarf;
				ENABLE_STRICT_OBJC_MSGSEND = YES;
				ENABLE_TESTABILITY = YES;
				GCC_C_LANGUAGE_STANDARD = gnu11;
				GCC_DYNAMIC_NO_PIC = NO;
				GCC_NO_COMMON_BLOCKS = YES;
				GCC_OPTIMIZATION_LEVEL = 0;
				GCC_PREPROCESSOR_DEFINITIONS = (
					"DEBUG=1",
					"$(inherited)",
				);
				GCC_WARN_64_TO_32_BIT_CONVERSION = YES;
				GCC_WARN_ABOUT_RETURN_TYPE = YES_ERROR;
				GCC_WARN_UNDECLARED_SELECTOR = YES;
				GCC_WARN_UNINITIALIZED_AUTOS = YES_AGGRESSIVE;
				GCC_WARN_UNUSED_FUNCTION = YES;
				GCC_WARN_UNUSED_VARIABLE = YES;
				MTL_ENABLE_DEBUG_INFO = INCLUDE_SOURCE;
				MTL_FAST_MATH = YES;
				ONLY_ACTIVE_ARCH = YES;
				SWIFT_ACTIVE_COMPILATION_CONDITIONS = DEBUG;
				SWIFT_OPTIMIZATION_LEVEL = "-Onone";
			};
			name = Debug;
		};
		6F1CDD0B29BDC6AB00A2A23B /* Release */ = {
			isa = XCBuildConfiguration;
			buildSettings = {
				ALWAYS_SEARCH_USER_PATHS = NO;
				CLANG_ANALYZER_NONNULL = YES;
				CLANG_ANALYZER_NUMBER_OBJECT_CONVERSION = YES_AGGRESSIVE;
				CLANG_CXX_LANGUAGE_STANDARD = "gnu++20";
				CLANG_ENABLE_MODULES = YES;
				CLANG_ENABLE_OBJC_ARC = YES;
				CLANG_ENABLE_OBJC_WEAK = YES;
				CLANG_WARN_BLOCK_CAPTURE_AUTORELEASING = YES;
				CLANG_WARN_BOOL_CONVERSION = YES;
				CLANG_WARN_COMMA = YES;
				CLANG_WARN_CONSTANT_CONVERSION = YES;
				CLANG_WARN_DEPRECATED_OBJC_IMPLEMENTATIONS = YES;
				CLANG_WARN_DIRECT_OBJC_ISA_USAGE = YES_ERROR;
				CLANG_WARN_DOCUMENTATION_COMMENTS = YES;
				CLANG_WARN_EMPTY_BODY = YES;
				CLANG_WARN_ENUM_CONVERSION = YES;
				CLANG_WARN_INFINITE_RECURSION = YES;
				CLANG_WARN_INT_CONVERSION = YES;
				CLANG_WARN_NON_LITERAL_NULL_CONVERSION = YES;
				CLANG_WARN_OBJC_IMPLICIT_RETAIN_SELF = YES;
				CLANG_WARN_OBJC_LITERAL_CONVERSION = YES;
				CLANG_WARN_OBJC_ROOT_CLASS = YES_ERROR;
				CLANG_WARN_QUOTED_INCLUDE_IN_FRAMEWORK_HEADER = YES;
				CLANG_WARN_RANGE_LOOP_ANALYSIS = YES;
				CLANG_WARN_STRICT_PROTOTYPES = YES;
				CLANG_WARN_SUSPICIOUS_MOVE = YES;
				CLANG_WARN_UNGUARDED_AVAILABILITY = YES_AGGRESSIVE;
				CLANG_WARN_UNREACHABLE_CODE = YES;
				CLANG_WARN__DUPLICATE_METHOD_MATCH = YES;
				COPY_PHASE_STRIP = NO;
				DEBUG_INFORMATION_FORMAT = "dwarf-with-dsym";
				ENABLE_NS_ASSERTIONS = NO;
				ENABLE_STRICT_OBJC_MSGSEND = YES;
				GCC_C_LANGUAGE_STANDARD = gnu11;
				GCC_NO_COMMON_BLOCKS = YES;
				GCC_WARN_64_TO_32_BIT_CONVERSION = YES;
				GCC_WARN_ABOUT_RETURN_TYPE = YES_ERROR;
				GCC_WARN_UNDECLARED_SELECTOR = YES;
				GCC_WARN_UNINITIALIZED_AUTOS = YES_AGGRESSIVE;
				GCC_WARN_UNUSED_FUNCTION = YES;
				GCC_WARN_UNUSED_VARIABLE = YES;
				MTL_ENABLE_DEBUG_INFO = NO;
				MTL_FAST_MATH = YES;
				SWIFT_COMPILATION_MODE = wholemodule;
				SWIFT_OPTIMIZATION_LEVEL = "-O";
			};
			name = Release;
		};
		6F1CDD0D29BDC6AB00A2A23B /* Debug */ = {
			isa = XCBuildConfiguration;
			buildSettings = {
				ASSETCATALOG_COMPILER_APPICON_NAME = AppIcon;
				ASSETCATALOG_COMPILER_GLOBAL_ACCENT_COLOR_NAME = AccentColor;
				CODE_SIGN_ENTITLEMENTS = AlarmApp/AlarmApp.entitlements;
				CODE_SIGN_STYLE = Automatic;
				CURRENT_PROJECT_VERSION = 1;
				DEVELOPMENT_ASSET_PATHS = "\"AlarmApp/Preview Content\"";
				DEVELOPMENT_TEAM = B7ZPSCMAKH;
				ENABLE_HARDENED_RUNTIME = YES;
				ENABLE_PREVIEWS = YES;
				GENERATE_INFOPLIST_FILE = YES;
				"INFOPLIST_KEY_UIApplicationSceneManifest_Generation[sdk=iphoneos*]" = YES;
				"INFOPLIST_KEY_UIApplicationSceneManifest_Generation[sdk=iphonesimulator*]" = YES;
				"INFOPLIST_KEY_UIApplicationSupportsIndirectInputEvents[sdk=iphoneos*]" = YES;
				"INFOPLIST_KEY_UIApplicationSupportsIndirectInputEvents[sdk=iphonesimulator*]" = YES;
				"INFOPLIST_KEY_UILaunchScreen_Generation[sdk=iphoneos*]" = YES;
				"INFOPLIST_KEY_UILaunchScreen_Generation[sdk=iphonesimulator*]" = YES;
				"INFOPLIST_KEY_UIStatusBarStyle[sdk=iphoneos*]" = UIStatusBarStyleDefault;
				"INFOPLIST_KEY_UIStatusBarStyle[sdk=iphonesimulator*]" = UIStatusBarStyleDefault;
				INFOPLIST_KEY_UISupportedInterfaceOrientations_iPad = "UIInterfaceOrientationPortrait UIInterfaceOrientationPortraitUpsideDown UIInterfaceOrientationLandscapeLeft UIInterfaceOrientationLandscapeRight";
				INFOPLIST_KEY_UISupportedInterfaceOrientations_iPhone = "UIInterfaceOrientationPortrait UIInterfaceOrientationLandscapeLeft UIInterfaceOrientationLandscapeRight";
				IPHONEOS_DEPLOYMENT_TARGET = 16.2;
				LD_RUNPATH_SEARCH_PATHS = "@executable_path/Frameworks";
				"LD_RUNPATH_SEARCH_PATHS[sdk=macosx*]" = "@executable_path/../Frameworks";
				MACOSX_DEPLOYMENT_TARGET = 13.1;
				MARKETING_VERSION = 1.0;
				PRODUCT_BUNDLE_IDENTIFIER = SMLukwiya.AlarmApp;
				PRODUCT_NAME = "$(TARGET_NAME)";
				SDKROOT = auto;
				SUPPORTED_PLATFORMS = "iphoneos iphonesimulator macosx";
				SWIFT_EMIT_LOC_STRINGS = YES;
				SWIFT_VERSION = 5.0;
				TARGETED_DEVICE_FAMILY = "1,2";
			};
			name = Debug;
		};
		6F1CDD0E29BDC6AB00A2A23B /* Release */ = {
			isa = XCBuildConfiguration;
			buildSettings = {
				ASSETCATALOG_COMPILER_APPICON_NAME = AppIcon;
				ASSETCATALOG_COMPILER_GLOBAL_ACCENT_COLOR_NAME = AccentColor;
				CODE_SIGN_ENTITLEMENTS = AlarmApp/AlarmApp.entitlements;
				CODE_SIGN_STYLE = Automatic;
				CURRENT_PROJECT_VERSION = 1;
				DEVELOPMENT_ASSET_PATHS = "\"AlarmApp/Preview Content\"";
				DEVELOPMENT_TEAM = B7ZPSCMAKH;
				ENABLE_HARDENED_RUNTIME = YES;
				ENABLE_PREVIEWS = YES;
				GENERATE_INFOPLIST_FILE = YES;
				"INFOPLIST_KEY_UIApplicationSceneManifest_Generation[sdk=iphoneos*]" = YES;
				"INFOPLIST_KEY_UIApplicationSceneManifest_Generation[sdk=iphonesimulator*]" = YES;
				"INFOPLIST_KEY_UIApplicationSupportsIndirectInputEvents[sdk=iphoneos*]" = YES;
				"INFOPLIST_KEY_UIApplicationSupportsIndirectInputEvents[sdk=iphonesimulator*]" = YES;
				"INFOPLIST_KEY_UILaunchScreen_Generation[sdk=iphoneos*]" = YES;
				"INFOPLIST_KEY_UILaunchScreen_Generation[sdk=iphonesimulator*]" = YES;
				"INFOPLIST_KEY_UIStatusBarStyle[sdk=iphoneos*]" = UIStatusBarStyleDefault;
				"INFOPLIST_KEY_UIStatusBarStyle[sdk=iphonesimulator*]" = UIStatusBarStyleDefault;
				INFOPLIST_KEY_UISupportedInterfaceOrientations_iPad = "UIInterfaceOrientationPortrait UIInterfaceOrientationPortraitUpsideDown UIInterfaceOrientationLandscapeLeft UIInterfaceOrientationLandscapeRight";
				INFOPLIST_KEY_UISupportedInterfaceOrientations_iPhone = "UIInterfaceOrientationPortrait UIInterfaceOrientationLandscapeLeft UIInterfaceOrientationLandscapeRight";
				IPHONEOS_DEPLOYMENT_TARGET = 16.2;
				LD_RUNPATH_SEARCH_PATHS = "@executable_path/Frameworks";
				"LD_RUNPATH_SEARCH_PATHS[sdk=macosx*]" = "@executable_path/../Frameworks";
				MACOSX_DEPLOYMENT_TARGET = 13.1;
				MARKETING_VERSION = 1.0;
				PRODUCT_BUNDLE_IDENTIFIER = SMLukwiya.AlarmApp;
				PRODUCT_NAME = "$(TARGET_NAME)";
				SDKROOT = auto;
				SUPPORTED_PLATFORMS = "iphoneos iphonesimulator macosx";
				SWIFT_EMIT_LOC_STRINGS = YES;
				SWIFT_VERSION = 5.0;
				TARGETED_DEVICE_FAMILY = "1,2";
			};
			name = Release;
		};
/* End XCBuildConfiguration section */

/* Begin XCConfigurationList section */
		6F1CDCF829BDC6AA00A2A23B /* Build configuration list for PBXProject "AlarmApp" */ = {
			isa = XCConfigurationList;
			buildConfigurations = (
				6F1CDD0A29BDC6AB00A2A23B /* Debug */,
				6F1CDD0B29BDC6AB00A2A23B /* Release */,
			);
			defaultConfigurationIsVisible = 0;
			defaultConfigurationName = Release;
		};
		6F1CDD0C29BDC6AB00A2A23B /* Build configuration list for PBXNativeTarget "AlarmApp" */ = {
			isa = XCConfigurationList;
			buildConfigurations = (
				6F1CDD0D29BDC6AB00A2A23B /* Debug */,
				6F1CDD0E29BDC6AB00A2A23B /* Release */,
			);
			defaultConfigurationIsVisible = 0;
			defaultConfigurationName = Release;
		};
/* End XCConfigurationList section */
	};
	rootObject = 6F1CDCF529BDC6AA00A2A23B /* Project object */;
}
